
Microsoft Visual Studio Solution File, Format Version 12.00
# Visual Studio 15
Project("{FAE04EC0-301F-11D3-BF4B-00C04F79EFBC}") = "Assembly-CSharp", "Assembly-CSharp.csproj", "{EB808788-5454-29F5-09B9-A8B647E72FFB}"
EndProject
Project("{FAE04EC0-301F-11D3-BF4B-00C04F79EFBC}") = "Assembly-CSharp-Editor", "Assembly-CSharp-Editor.csproj", "{0FAAA296-C1F1-725D-3D9C-23DD67A68F3D}"
EndProject
Global
	GlobalSection(SolutionConfigurationPlatforms) = preSolution
		Debug|Any CPU = Debug|Any CPU
		Release|Any CPU = Release|Any CPU
	EndGlobalSection
	GlobalSection(ProjectConfigurationPlatforms) = postSolution
		{EB808788-5454-29F5-09B9-A8B647E72FFB}.Debug|Any CPU.ActiveCfg = Debug|Any CPU
		{EB808788-5454-29F5-09B9-A8B647E72FFB}.Debug|Any CPU.Build.0 = Debug|Any CPU
		{EB808788-5454-29F5-09B9-A8B647E72FFB}.Release|Any CPU.ActiveCfg = Release|Any CPU
		{EB808788-5454-29F5-09B9-A8B647E72FFB}.Release|Any CPU.Build.0 = Release|Any CPU
		{0FAAA296-C1F1-725D-3D9C-23DD67A68F3D}.Debug|Any CPU.ActiveCfg = Debug|Any CPU
		{0FAAA296-C1F1-725D-3D9C-23DD67A68F3D}.Debug|Any CPU.Build.0 = Debug|Any CPU
		{0FAAA296-C1F1-725D-3D9C-23DD67A68F3D}.Release|Any CPU.ActiveCfg = Release|Any CPU
		{0FAAA296-C1F1-725D-3D9C-23DD67A68F3D}.Release|Any CPU.Build.0 = Release|Any CPU
	EndGlobalSection
	GlobalSection(SolutionProperties) = preSolution
		HideSolutionNode = FALSE
	EndGlobalSection
EndGlobal
