
Microsoft Visual Studio Solution File, Format Version 12.00
# Visual Studio 2017
Project("{FAE04EC0-301F-11D3-BF4B-00C04F79EFBC}") = "IAJ Movimento 1.1 - Solution", "IAJ Movimento 1.1 - Solution.csproj", "{DD73A510-D058-4A3D-0E0C-9ACB90EBA2EB}"
EndProject
Project("{FAE04EC0-301F-11D3-BF4B-00C04F79EFBC}") = "IAJ Movimento 1.1 - Solution.Editor", "IAJ Movimento 1.1 - Solution.Editor.csproj", "{AD0E0FD3-4266-7D09-079F-D46A09EFD5A7}"
EndProject
Global
	GlobalSection(SolutionConfigurationPlatforms) = preSolution
		Debug|Any CPU = Debug|Any CPU
		Release|Any CPU = Release|Any CPU
	EndGlobalSection
	GlobalSection(ProjectConfigurationPlatforms) = postSolution
		{DD73A510-D058-4A3D-0E0C-9ACB90EBA2EB}.Debug|Any CPU.ActiveCfg = Debug|Any CPU
		{DD73A510-D058-4A3D-0E0C-9ACB90EBA2EB}.Debug|Any CPU.Build.0 = Debug|Any CPU
		{DD73A510-D058-4A3D-0E0C-9ACB90EBA2EB}.Release|Any CPU.ActiveCfg = Release|Any CPU
		{DD73A510-D058-4A3D-0E0C-9ACB90EBA2EB}.Release|Any CPU.Build.0 = Release|Any CPU
		{AD0E0FD3-4266-7D09-079F-D46A09EFD5A7}.Debug|Any CPU.ActiveCfg = Debug|Any CPU
		{AD0E0FD3-4266-7D09-079F-D46A09EFD5A7}.Debug|Any CPU.Build.0 = Debug|Any CPU
		{AD0E0FD3-4266-7D09-079F-D46A09EFD5A7}.Release|Any CPU.ActiveCfg = Release|Any CPU
		{AD0E0FD3-4266-7D09-079F-D46A09EFD5A7}.Release|Any CPU.Build.0 = Release|Any CPU
	EndGlobalSection
	GlobalSection(SolutionProperties) = preSolution
		HideSolutionNode = FALSE
	EndGlobalSection
EndGlobal
